
Microsoft Visual Studio Solution File, Format Version 12.00
# Visual Studio Version 17
VisualStudioVersion = 17.7.34018.315
MinimumVisualStudioVersion = 10.0.40219.1
Project("{FAE04EC0-301F-11D3-BF4B-00C04F79EFBC}") = "GUI", "GUI\GUI.csproj", "{4C1C6B0C-3FC2-4365-979B-0623AC2313D3}"
EndProject
Project("{FAE04EC0-301F-11D3-BF4B-00C04F79EFBC}") = "DTO", "DTO\DTO.csproj", "{28462347-35C8-46AB-860E-E42057E70841}"
EndProject
Project("{FAE04EC0-301F-11D3-BF4B-00C04F79EFBC}") = "DAL", "DAL\DAL.csproj", "{2A8CF0AF-2FF0-4591-AE78-20A9080B25F9}"
EndProject
Project("{FAE04EC0-301F-11D3-BF4B-00C04F79EFBC}") = "BLL", "BLL\BLL.csproj", "{0D64FAA5-57D5-417C-8FC9-FAC60982F640}"
EndProject
Global
	GlobalSection(SolutionConfigurationPlatforms) = preSolution
		Debug|Any CPU = Debug|Any CPU
		Release|Any CPU = Release|Any CPU
	EndGlobalSection
	GlobalSection(ProjectConfigurationPlatforms) = postSolution
		{4C1C6B0C-3FC2-4365-979B-0623AC2313D3}.Debug|Any CPU.ActiveCfg = Debug|Any CPU
		{4C1C6B0C-3FC2-4365-979B-0623AC2313D3}.Debug|Any CPU.Build.0 = Debug|Any CPU
		{4C1C6B0C-3FC2-4365-979B-0623AC2313D3}.Release|Any CPU.ActiveCfg = Release|Any CPU
		{4C1C6B0C-3FC2-4365-979B-0623AC2313D3}.Release|Any CPU.Build.0 = Release|Any CPU
		{28462347-35C8-46AB-860E-E42057E70841}.Debug|Any CPU.ActiveCfg = Debug|Any CPU
		{28462347-35C8-46AB-860E-E42057E70841}.Debug|Any CPU.Build.0 = Debug|Any CPU
		{28462347-35C8-46AB-860E-E42057E70841}.Release|Any CPU.ActiveCfg = Release|Any CPU
		{28462347-35C8-46AB-860E-E42057E70841}.Release|Any CPU.Build.0 = Release|Any CPU
		{2A8CF0AF-2FF0-4591-AE78-20A9080B25F9}.Debug|Any CPU.ActiveCfg = Debug|Any CPU
		{2A8CF0AF-2FF0-4591-AE78-20A9080B25F9}.Debug|Any CPU.Build.0 = Debug|Any CPU
		{2A8CF0AF-2FF0-4591-AE78-20A9080B25F9}.Release|Any CPU.ActiveCfg = Release|Any CPU
		{2A8CF0AF-2FF0-4591-AE78-20A9080B25F9}.Release|Any CPU.Build.0 = Release|Any CPU
		{0D64FAA5-57D5-417C-8FC9-FAC60982F640}.Debug|Any CPU.ActiveCfg = Debug|Any CPU
		{0D64FAA5-57D5-417C-8FC9-FAC60982F640}.Debug|Any CPU.Build.0 = Debug|Any CPU
		{0D64FAA5-57D5-417C-8FC9-FAC60982F640}.Release|Any CPU.ActiveCfg = Release|Any CPU
		{0D64FAA5-57D5-417C-8FC9-FAC60982F640}.Release|Any CPU.Build.0 = Release|Any CPU
	EndGlobalSection
	GlobalSection(SolutionProperties) = preSolution
		HideSolutionNode = FALSE
	EndGlobalSection
	GlobalSection(ExtensibilityGlobals) = postSolution
		SolutionGuid = {6276334F-B041-491C-85C2-5E938B54FA04}
	EndGlobalSection
EndGlobal
